
Microsoft Visual Studio Solution File, Format Version 12.00
# Visual Studio Version 17
VisualStudioVersion = 17.11.35219.272
MinimumVisualStudioVersion = 10.0.40219.1
Project("{FAE04EC0-301F-11D3-BF4B-00C04F79EFBC}") = "RiotGamesTracker.Web", "RiotGamesTracker.Web\RiotGamesTracker.Web.csproj", "{23748D33-BEB2-4CDC-ACA0-A3ABBC1935A3}"
EndProject
Project("{FAE04EC0-301F-11D3-BF4B-00C04F79EFBC}") = "RiotGamesTracker.API", "RiotGamesTracker.API\RiotGamesTracker.API.csproj", "{36CDCABA-8E58-4357-864C-8AD062BBCB75}"
EndProject
Project("{FAE04EC0-301F-11D3-BF4B-00C04F79EFBC}") = "RiotGamesTracker.Common", "RiotGamesTracker.Common\RiotGamesTracker.Common.csproj", "{0E60F68A-117D-4460-9621-02E691323F2C}"
EndProject
Global
	GlobalSection(SolutionConfigurationPlatforms) = preSolution
		Debug|Any CPU = Debug|Any CPU
		Release|Any CPU = Release|Any CPU
	EndGlobalSection
	GlobalSection(ProjectConfigurationPlatforms) = postSolution
		{23748D33-BEB2-4CDC-ACA0-A3ABBC1935A3}.Debug|Any CPU.ActiveCfg = Debug|Any CPU
		{23748D33-BEB2-4CDC-ACA0-A3ABBC1935A3}.Debug|Any CPU.Build.0 = Debug|Any CPU
		{23748D33-BEB2-4CDC-ACA0-A3ABBC1935A3}.Release|Any CPU.ActiveCfg = Release|Any CPU
		{23748D33-BEB2-4CDC-ACA0-A3ABBC1935A3}.Release|Any CPU.Build.0 = Release|Any CPU
		{36CDCABA-8E58-4357-864C-8AD062BBCB75}.Debug|Any CPU.ActiveCfg = Debug|Any CPU
		{36CDCABA-8E58-4357-864C-8AD062BBCB75}.Debug|Any CPU.Build.0 = Debug|Any CPU
		{36CDCABA-8E58-4357-864C-8AD062BBCB75}.Release|Any CPU.ActiveCfg = Release|Any CPU
		{36CDCABA-8E58-4357-864C-8AD062BBCB75}.Release|Any CPU.Build.0 = Release|Any CPU
		{0E60F68A-117D-4460-9621-02E691323F2C}.Debug|Any CPU.ActiveCfg = Debug|Any CPU
		{0E60F68A-117D-4460-9621-02E691323F2C}.Debug|Any CPU.Build.0 = Debug|Any CPU
		{0E60F68A-117D-4460-9621-02E691323F2C}.Release|Any CPU.ActiveCfg = Release|Any CPU
		{0E60F68A-117D-4460-9621-02E691323F2C}.Release|Any CPU.Build.0 = Release|Any CPU
	EndGlobalSection
	GlobalSection(SolutionProperties) = preSolution
		HideSolutionNode = FALSE
	EndGlobalSection
	GlobalSection(ExtensibilityGlobals) = postSolution
		SolutionGuid = {C99A2ED8-F5F1-4C75-BE95-475739EA1A56}
	EndGlobalSection
EndGlobal
